// !$*UTF8*$!
{
	archiveVersion = 1;
	classes = {
	};
	objectVersion = 46;
	objects = {

/* Begin PBXBuildFile section */
		CA04DCC61D7483B700875986 /* EOCEncrypt.h in Headers */ = {isa = PBXBuildFile; fileRef = CA04DCC41D7483B700875986 /* EOCEncrypt.h */; };
		CA04DCC71D7483B700875986 /* EOCEncrypt.m in Sources */ = {isa = PBXBuildFile; fileRef = CA04DCC51D7483B700875986 /* EOCEncrypt.m */; };
		CACB9BD51D707FBA00892D27 /* EasyOC.h in Headers */ = {isa = PBXBuildFile; fileRef = CACB9BD41D707FBA00892D27 /* EasyOC.h */; settings = {ATTRIBUTES = (Public, ); }; };
/* End PBXBuildFile section */

/* Begin PBXFileReference section */
		CA04DCC41D7483B700875986 /* EOCEncrypt.h */ = {isa = PBXFileReference; fileEncoding = 4; lastKnownFileType = sourcecode.c.h; path = EOCEncrypt.h; sourceTree = "<group>"; };
		CA04DCC51D7483B700875986 /* EOCEncrypt.m */ = {isa = PBXFileReference; fileEncoding = 4; lastKnownFileType = sourcecode.c.objc; path = EOCEncrypt.m; sourceTree = "<group>"; };
		CACB9BD11D707FBA00892D27 /* EasyOC.framework */ = {isa = PBXFileReference; explicitFileType = wrapper.framework; includeInIndex = 0; path = EasyOC.framework; sourceTree = BUILT_PRODUCTS_DIR; };
		CACB9BD41D707FBA00892D27 /* EasyOC.h */ = {isa = PBXFileReference; lastKnownFileType = sourcecode.c.h; path = EasyOC.h; sourceTree = "<group>"; };
		CACB9BD61D707FBA00892D27 /* Info.plist */ = {isa = PBXFileReference; lastKnownFileType = text.plist.xml; path = Info.plist; sourceTree = "<group>"; };
/* End PBXFileReference section */

/* Begin PBXFrameworksBuildPhase section */
		CACB9BCD1D707FBA00892D27 /* Frameworks */ = {
			isa = PBXFrameworksBuildPhase;
			buildActionMask = 2147483647;
			files = (
			);
			runOnlyForDeploymentPostprocessing = 0;
		};
/* End PBXFrameworksBuildPhase section */

/* Begin PBXGroup section */
		CA04DCC81D7483C200875986 /* Encrypt */ = {
			isa = PBXGroup;
			children = (
				CA04DCC41D7483B700875986 /* EOCEncrypt.h */,
				CA04DCC51D7483B700875986 /* EOCEncrypt.m */,
			);
			name = Encrypt;
			sourceTree = "<group>";
		};
		CACB9BC71D707FBA00892D27 = {
			isa = PBXGroup;
			children = (
				CACB9BD31D707FBA00892D27 /* EasyOC */,
				CACB9BD21D707FBA00892D27 /* Products */,
			);
			sourceTree = "<group>";
		};
		CACB9BD21D707FBA00892D27 /* Products */ = {
			isa = PBXGroup;
			children = (
				CACB9BD11D707FBA00892D27 /* EasyOC.framework */,
			);
			name = Products;
			sourceTree = "<group>";
		};
		CACB9BD31D707FBA00892D27 /* EasyOC */ = {
			isa = PBXGroup;
			children = (
				CA04DCC81D7483C200875986 /* Encrypt */,
				CACB9BD41D707FBA00892D27 /* EasyOC.h */,
				CACB9BD61D707FBA00892D27 /* Info.plist */,
			);
			path = EasyOC;
			sourceTree = "<group>";
		};
/* End PBXGroup section */

/* Begin PBXHeadersBuildPhase section */
		CACB9BCE1D707FBA00892D27 /* Headers */ = {
			isa = PBXHeadersBuildPhase;
			buildActionMask = 2147483647;
			files = (
				CA04DCC61D7483B700875986 /* EOCEncrypt.h in Headers */,
				CACB9BD51D707FBA00892D27 /* EasyOC.h in Headers */,
			);
			runOnlyForDeploymentPostprocessing = 0;
		};
/* End PBXHeadersBuildPhase section */

/* Begin PBXNativeTarget section */
		CACB9BD01D707FBA00892D27 /* EasyOC */ = {
			isa = PBXNativeTarget;
			buildConfigurationList = CACB9BD91D707FBA00892D27 /* Build configuration list for PBXNativeTarget "EasyOC" */;
			buildPhases = (
				CACB9BCC1D707FBA00892D27 /* Sources */,
				CACB9BCD1D707FBA00892D27 /* Frameworks */,
				CACB9BCE1D707FBA00892D27 /* Headers */,
				CACB9BCF1D707FBA00892D27 /* Resources */,
			);
			buildRules = (
			);
			dependencies = (
			);
			name = EasyOC;
			productName = EasyOC;
			productReference = CACB9BD11D707FBA00892D27 /* EasyOC.framework */;
			productType = "com.apple.product-type.framework";
		};
/* End PBXNativeTarget section */

/* Begin PBXProject section */
		CACB9BC81D707FBA00892D27 /* Project object */ = {
			isa = PBXProject;
			attributes = {
				LastUpgradeCheck = 0720;
				ORGANIZATIONNAME = Tommybiteme;
				TargetAttributes = {
					CACB9BD01D707FBA00892D27 = {
						CreatedOnToolsVersion = 7.2;
					};
				};
			};
			buildConfigurationList = CACB9BCB1D707FBA00892D27 /* Build configuration list for PBXProject "EasyOC" */;
			compatibilityVersion = "Xcode 3.2";
			developmentRegion = English;
			hasScannedForEncodings = 0;
			knownRegions = (
				en,
			);
			mainGroup = CACB9BC71D707FBA00892D27;
			productRefGroup = CACB9BD21D707FBA00892D27 /* Products */;
			projectDirPath = "";
			projectRoot = "";
			targets = (
				CACB9BD01D707FBA00892D27 /* EasyOC */,
			);
		};
/* End PBXProject section */

/* Begin PBXResourcesBuildPhase section */
		CACB9BCF1D707FBA00892D27 /* Resources */ = {
			isa = PBXResourcesBuildPhase;
			buildActionMask = 2147483647;
			files = (
			);
			runOnlyForDeploymentPostprocessing = 0;
		};
/* End PBXResourcesBuildPhase section */

/* Begin PBXSourcesBuildPhase section */
		CACB9BCC1D707FBA00892D27 /* Sources */ = {
			isa = PBXSourcesBuildPhase;
			buildActionMask = 2147483647;
			files = (
				CA04DCC71D7483B700875986 /* EOCEncrypt.m in Sources */,
			);
			runOnlyForDeploymentPostprocessing = 0;
		};
/* End PBXSourcesBuildPhase section */

/* Begin XCBuildConfiguration section */
		CACB9BD71D707FBA00892D27 /* Debug */ = {
			isa = XCBuildConfiguration;
			buildSettings = {
				ALWAYS_SEARCH_USER_PATHS = NO;
				CLANG_CXX_LANGUAGE_STANDARD = "gnu++0x";
				CLANG_CXX_LIBRARY = "libc++";
				CLANG_ENABLE_MODULES = YES;
				CLANG_ENABLE_OBJC_ARC = YES;
				CLANG_WARN_BOOL_CONVERSION = YES;
				CLANG_WARN_CONSTANT_CONVERSION = YES;
				CLANG_WARN_DIRECT_OBJC_ISA_USAGE = YES_ERROR;
				CLANG_WARN_EMPTY_BODY = YES;
				CLANG_WARN_ENUM_CONVERSION = YES;
				CLANG_WARN_INT_CONVERSION = YES;
				CLANG_WARN_OBJC_ROOT_CLASS = YES_ERROR;
				CLANG_WARN_UNREACHABLE_CODE = YES;
				CLANG_WARN__DUPLICATE_METHOD_MATCH = YES;
				"CODE_SIGN_IDENTITY[sdk=iphoneos*]" = "iPhone Developer";
				COPY_PHASE_STRIP = NO;
				CURRENT_PROJECT_VERSION = 1;
				DEBUG_INFORMATION_FORMAT = dwarf;
				ENABLE_STRICT_OBJC_MSGSEND = YES;
				ENABLE_TESTABILITY = YES;
				GCC_C_LANGUAGE_STANDARD = gnu99;
				GCC_DYNAMIC_NO_PIC = NO;
				GCC_NO_COMMON_BLOCKS = YES;
				GCC_OPTIMIZATION_LEVEL = 0;
				GCC_PREPROCESSOR_DEFINITIONS = (
					"DEBUG=1",
					"$(inherited)",
				);
				GCC_WARN_64_TO_32_BIT_CONVERSION = YES;
				GCC_WARN_ABOUT_RETURN_TYPE = YES_ERROR;
				GCC_WARN_UNDECLARED_SELECTOR = YES;
				GCC_WARN_UNINITIALIZED_AUTOS = YES_AGGRESSIVE;
				GCC_WARN_UNUSED_FUNCTION = YES;
				GCC_WARN_UNUSED_VARIABLE = YES;
				IPHONEOS_DEPLOYMENT_TARGET = 9.2;
				MTL_ENABLE_DEBUG_INFO = YES;
				ONLY_ACTIVE_ARCH = YES;
				SDKROOT = iphoneos;
				TARGETED_DEVICE_FAMILY = "1,2";
				VERSIONING_SYSTEM = "apple-generic";
				VERSION_INFO_PREFIX = "";
			};
			name = Debug;
		};
		CACB9BD81D707FBA00892D27 /* Release */ = {
			isa = XCBuildConfiguration;
			buildSettings = {
				ALWAYS_SEARCH_USER_PATHS = NO;
				CLANG_CXX_LANGUAGE_STANDARD = "gnu++0x";
				CLANG_CXX_LIBRARY = "libc++";
				CLANG_ENABLE_MODULES = YES;
				CLANG_ENABLE_OBJC_ARC = YES;
				CLANG_WARN_BOOL_CONVERSION = YES;
				CLANG_WARN_CONSTANT_CONVERSION = YES;
				CLANG_WARN_DIRECT_OBJC_ISA_USAGE = YES_ERROR;
				CLANG_WARN_EMPTY_BODY = YES;
				CLANG_WARN_ENUM_CONVERSION = YES;
				CLANG_WARN_INT_CONVERSION = YES;
				CLANG_WARN_OBJC_ROOT_CLASS = YES_ERROR;
				CLANG_WARN_UNREACHABLE_CODE = YES;
				CLANG_WARN__DUPLICATE_METHOD_MATCH = YES;
				"CODE_SIGN_IDENTITY[sdk=iphoneos*]" = "iPhone Developer";
				COPY_PHASE_STRIP = NO;
				CURRENT_PROJECT_VERSION = 1;
				DEBUG_INFORMATION_FORMAT = "dwarf-with-dsym";
				ENABLE_NS_ASSERTIONS = NO;
				ENABLE_STRICT_OBJC_MSGSEND = YES;
				GCC_C_LANGUAGE_STANDARD = gnu99;
				GCC_NO_COMMON_BLOCKS = YES;
				GCC_WARN_64_TO_32_BIT_CONVERSION = YES;
				GCC_WARN_ABOUT_RETURN_TYPE = YES_ERROR;
				GCC_WARN_UNDECLARED_SELECTOR = YES;
				GCC_WARN_UNINITIALIZED_AUTOS = YES_AGGRESSIVE;
				GCC_WARN_UNUSED_FUNCTION = YES;
				GCC_WARN_UNUSED_VARIABLE = YES;
				IPHONEOS_DEPLOYMENT_TARGET = 9.2;
				MTL_ENABLE_DEBUG_INFO = NO;
				SDKROOT = iphoneos;
				TARGETED_DEVICE_FAMILY = "1,2";
				VALIDATE_PRODUCT = YES;
				VERSIONING_SYSTEM = "apple-generic";
				VERSION_INFO_PREFIX = "";
			};
			name = Release;
		};
		CACB9BDA1D707FBA00892D27 /* Debug */ = {
			isa = XCBuildConfiguration;
			buildSettings = {
				DEFINES_MODULE = YES;
				DYLIB_COMPATIBILITY_VERSION = 1;
				DYLIB_CURRENT_VERSION = 1;
				DYLIB_INSTALL_NAME_BASE = "@rpath";
				INFOPLIST_FILE = EasyOC/Info.plist;
				INSTALL_PATH = "$(LOCAL_LIBRARY_DIR)/Frameworks";
				LD_RUNPATH_SEARCH_PATHS = "$(inherited) @executable_path/Frameworks @loader_path/Frameworks";
				PRODUCT_BUNDLE_IDENTIFIER = com.tommybiteme.EasyOC;
				PRODUCT_NAME = "$(TARGET_NAME)";
				SKIP_INSTALL = YES;
			};
			name = Debug;
		};
		CACB9BDB1D707FBA00892D27 /* Release */ = {
			isa = XCBuildConfiguration;
			buildSettings = {
				DEFINES_MODULE = YES;
				DYLIB_COMPATIBILITY_VERSION = 1;
				DYLIB_CURRENT_VERSION = 1;
				DYLIB_INSTALL_NAME_BASE = "@rpath";
				INFOPLIST_FILE = EasyOC/Info.plist;
				INSTALL_PATH = "$(LOCAL_LIBRARY_DIR)/Frameworks";
				LD_RUNPATH_SEARCH_PATHS = "$(inherited) @executable_path/Frameworks @loader_path/Frameworks";
				PRODUCT_BUNDLE_IDENTIFIER = com.tommybiteme.EasyOC;
				PRODUCT_NAME = "$(TARGET_NAME)";
				SKIP_INSTALL = YES;
			};
			name = Release;
		};
/* End XCBuildConfiguration section */

/* Begin XCConfigurationList section */
		CACB9BCB1D707FBA00892D27 /* Build configuration list for PBXProject "EasyOC" */ = {
			isa = XCConfigurationList;
			buildConfigurations = (
				CACB9BD71D707FBA00892D27 /* Debug */,
				CACB9BD81D707FBA00892D27 /* Release */,
			);
			defaultConfigurationIsVisible = 0;
			defaultConfigurationName = Release;
		};
		CACB9BD91D707FBA00892D27 /* Build configuration list for PBXNativeTarget "EasyOC" */ = {
			isa = XCConfigurationList;
			buildConfigurations = (
				CACB9BDA1D707FBA00892D27 /* Debug */,
				CACB9BDB1D707FBA00892D27 /* Release */,
			);
			defaultConfigurationIsVisible = 0;
			defaultConfigurationName = Release;
		};
/* End XCConfigurationList section */
	};
	rootObject = CACB9BC81D707FBA00892D27 /* Project object */;
}
